<?xml version="1.0" encoding="utf-8"?>
<Project ToolsVersion="4.0" xmlns="http://schemas.microsoft.com/developer/msbuild/2003">
  <ItemGroup>
    <None Include="ReadMe.txt" />
    <None Include="Source\Graphics\Shader\ShaderSource\Vertex.shader">
      <Filter>Source\Graphics\Shader\ShaderSource</Filter>
    </None>
    <None Include="Source\Graphics\Shader\ShaderSource\Fragment.shader">
      <Filter>Source\Graphics\Shader\ShaderSource</Filter>
    </None>
    <None Include="..\..\DsApp\DsApp.vcxproj" />
  </ItemGroup>
  <ItemGroup>
    <Filter Include="Source">
      <UniqueIdentifier>{b2bd363b-089a-41be-bcf4-1fa39e3b8a48}</UniqueIdentifier>
    </Filter>
    <Filter Include="Source\Math">
      <UniqueIdentifier>{3f1ffbcb-4bf9-415d-ae4b-1b4296241522}</UniqueIdentifier>
    </Filter>
    <Filter Include="Source\Graphics">
      <UniqueIdentifier>{66183184-4b5c-4e8c-b64f-042f9a066ba9}</UniqueIdentifier>
    </Filter>
    <Filter Include="Source\Graphics\Shader">
      <UniqueIdentifier>{63d7e969-b787-46b5-aa2d-d8f78553a4a5}</UniqueIdentifier>
    </Filter>
    <Filter Include="Source\Config">
      <UniqueIdentifier>{f8c48344-e112-4940-97ab-ec81662ee1a4}</UniqueIdentifier>
    </Filter>
    <Filter Include="Source\Error">
      <UniqueIdentifier>{6dd072c5-577f-4b8c-bda8-6a14158b6fce}</UniqueIdentifier>
    </Filter>
    <Filter Include="Source\Graphics\Render">
      <UniqueIdentifier>{b684fa77-82bd-40bb-9d70-995ad5c818b8}</UniqueIdentifier>
    </Filter>
    <Filter Include="Source\Graphics\Camera">
      <UniqueIdentifier>{09dc0063-f67e-4ca9-af4e-a4721dc106b6}</UniqueIdentifier>
    </Filter>
    <Filter Include="Source\Graphics\Light">
      <UniqueIdentifier>{0aa380ae-9317-490e-b0c2-948a1e4e3ab3}</UniqueIdentifier>
    </Filter>
    <Filter Include="Source\Graphics\Command">
      <UniqueIdentifier>{5463f176-6050-40d9-931f-ac900b260cd9}</UniqueIdentifier>
    </Filter>
    <Filter Include="Source\System">
      <UniqueIdentifier>{188bf2d5-92d0-428f-a34c-2f659540ab83}</UniqueIdentifier>
    </Filter>
    <Filter Include="Source\Graphics\Shader\ShaderSource">
      <UniqueIdentifier>{ba5bee65-8378-43bd-bbc2-c8de4293fb9b}</UniqueIdentifier>
    </Filter>
    <Filter Include="Source\Graphics\Render\Tool">
      <UniqueIdentifier>{0b46c2fb-d7e1-4e24-955b-f1e1f1c3ab8b}</UniqueIdentifier>
    </Filter>
    <Filter Include="Source\Graphics\Render\Tool\Cloud">
      <UniqueIdentifier>{64626d9f-1141-4773-a49f-8f6930023f33}</UniqueIdentifier>
    </Filter>
    <Filter Include="Source\Mouse">
      <UniqueIdentifier>{af718b30-5221-4c60-9013-422d5dece716}</UniqueIdentifier>
    </Filter>
    <Filter Include="Source\Animation">
      <UniqueIdentifier>{1666eebb-11f9-4c15-9587-245e963a07ef}</UniqueIdentifier>
    </Filter>
    <Filter Include="Source\Animation\SkinMesh">
      <UniqueIdentifier>{add30883-a4f6-4fea-8fbf-295311287fd2}</UniqueIdentifier>
    </Filter>
    <Filter Include="Source\Graphics\Image">
      <UniqueIdentifier>{319583d1-a83e-45aa-b30a-706402129d9b}</UniqueIdentifier>
    </Filter>
    <Filter Include="Source\Keyboard">
      <UniqueIdentifier>{07c901da-8179-49aa-ae1f-5dc8edf46ee9}</UniqueIdentifier>
    </Filter>
    <Filter Include="Source\Animation\Blend">
      <UniqueIdentifier>{b4a6d1a5-3c5b-45ee-96fc-652b5d2034ff}</UniqueIdentifier>
    </Filter>
    <Filter Include="Source\Res">
      <UniqueIdentifier>{11b3c97b-9f85-44d8-a63d-529c7e3481b6}</UniqueIdentifier>
    </Filter>
    <Filter Include="Library">
      <UniqueIdentifier>{2d7ba736-d309-4a7f-b630-1ffadfc4a402}</UniqueIdentifier>
    </Filter>
    <Filter Include="Library\dll">
      <UniqueIdentifier>{c1487ead-33b6-43b8-9656-2b06499c221c}</UniqueIdentifier>
    </Filter>
    <Filter Include="Library\Include">
      <UniqueIdentifier>{2d0200c9-6a57-4625-bc9d-a7bc603de2f4}</UniqueIdentifier>
    </Filter>
    <Filter Include="Library\Lib">
      <UniqueIdentifier>{93766ab9-d486-4dfd-ab1b-be739da49d81}</UniqueIdentifier>
    </Filter>
    <Filter Include="Library\Include\gl">
      <UniqueIdentifier>{6c938d4e-7aab-4b0e-bc79-a4973a545b3d}</UniqueIdentifier>
    </Filter>
    <Filter Include="Library\Lib\x64">
      <UniqueIdentifier>{596c698e-ba96-4337-8868-d20c2bf7309c}</UniqueIdentifier>
    </Filter>
    <Filter Include="Library\dll\x64">
      <UniqueIdentifier>{ac0d1165-1924-40ed-b498-f1b82a166810}</UniqueIdentifier>
    </Filter>
    <Filter Include="Library\dll\x86">
      <UniqueIdentifier>{cdae9ebc-be3e-4f7d-a985-767c5ed4b1f7}</UniqueIdentifier>
    </Filter>
    <Filter Include="Library\Lib\x86">
      <UniqueIdentifier>{8a5d07cc-1dd7-4aaa-9d2a-ba50d38a0652}</UniqueIdentifier>
    </Filter>
    <Filter Include="Source\Graphics\GL">
      <UniqueIdentifier>{a057a54b-0cce-48cf-bc73-5d7d25a42d9a}</UniqueIdentifier>
    </Filter>
    <Filter Include="Source\ActionState">
      <UniqueIdentifier>{c20473b0-9445-4354-bd09-bdaec8d228a0}</UniqueIdentifier>
    </Filter>
    <Filter Include="Source\Graphics\Effect">
      <UniqueIdentifier>{bd64c5e9-d4d9-498e-a264-7156de2d3062}</UniqueIdentifier>
    </Filter>
    <Filter Include="Source\Graphics\Effect\Particle">
      <UniqueIdentifier>{18bc64ce-47cb-48a5-ab0a-0d8d614734ed}</UniqueIdentifier>
    </Filter>
    <Filter Include="Source\Model">
      <UniqueIdentifier>{a7973de5-12db-4e8c-a429-ad1d65f7b573}</UniqueIdentifier>
    </Filter>
  </ItemGroup>
  <ItemGroup>
    <ClCompile Include="Source\DsPch.cpp">
      <Filter>Source</Filter>
    </ClCompile>
    <ClCompile Include="Source\Math\DsMathUtil.cpp">
      <Filter>Source\Math</Filter>
    </ClCompile>
    <ClCompile Include="Source\Graphics\Shader\DsShader.cpp">
      <Filter>Source\Graphics\Shader</Filter>
    </ClCompile>
    <ClCompile Include="Source\Config\DsConf.cpp">
      <Filter>Source\Config</Filter>
    </ClCompile>
    <ClCompile Include="Source\Graphics\Render\DsShadowMap.cpp">
      <Filter>Source\Graphics\Render</Filter>
    </ClCompile>
    <ClCompile Include="Source\Graphics\Camera\DsCamera.cpp">
      <Filter>Source\Graphics\Camera</Filter>
    </ClCompile>
    <ClCompile Include="Source\Graphics\Render\DsRender.cpp">
      <Filter>Source\Graphics\Render</Filter>
    </ClCompile>
    <ClCompile Include="Source\Graphics\Light\DsLight.cpp">
      <Filter>Source\Graphics\Light</Filter>
    </ClCompile>
    <ClCompile Include="Source\Graphics\Command\DsDrawCommand.cpp">
      <Filter>Source\Graphics\Command</Filter>
    </ClCompile>
    <ClCompile Include="Source\System\DsSys.cpp">
      <Filter>Source\System</Filter>
    </ClCompile>
    <ClCompile Include="Source\Graphics\Shader\ShaderSource\DsDefaultShader.cpp">
      <Filter>Source\Graphics\Shader\ShaderSource</Filter>
    </ClCompile>
    <ClCompile Include="Source\Graphics\Light\DsLightMan.cpp">
      <Filter>Source\Graphics\Light</Filter>
    </ClCompile>
    <ClCompile Include="Source\System\DsDbgSys.cpp">
      <Filter>Source\System</Filter>
    </ClCompile>
    <ClCompile Include="Source\Graphics\Light\DsSunLight.cpp">
      <Filter>Source\Graphics\Light</Filter>
    </ClCompile>
    <ClCompile Include="Source\Graphics\Render\Tool\Cloud\DsToolCloud.cpp">
      <Filter>Source\Graphics\Render\Tool\Cloud</Filter>
    </ClCompile>
    <ClCompile Include="Source\Graphics\Render\Tool\DsRenderTool.cpp">
      <Filter>Source\Graphics\Render\Tool</Filter>
    </ClCompile>
    <ClCompile Include="Source\Graphics\Render\Tool\Cloud\DsCloudIns.cpp">
      <Filter>Source\Graphics\Render\Tool\Cloud</Filter>
    </ClCompile>
    <ClCompile Include="Source\Graphics\Render\Tool\Cloud\DsCloudEmitter.cpp">
      <Filter>Source\Graphics\Render\Tool\Cloud</Filter>
    </ClCompile>
    <ClCompile Include="Source\Mouse\DsMouse.cpp">
      <Filter>Source\Mouse</Filter>
    </ClCompile>
    <ClCompile Include="Source\Animation\SkinMesh\DsSkinMesh.cpp">
      <Filter>Source\Animation\SkinMesh</Filter>
    </ClCompile>
    <ClCompile Include="Source\Graphics\Image\DsImage.cpp">
      <Filter>Source\Graphics\Image</Filter>
    </ClCompile>
    <ClCompile Include="Source\Graphics\Render\DsTexture.cpp">
      <Filter>Source\Graphics\Render</Filter>
    </ClCompile>
    <ClCompile Include="Source\Keyboard\DsKeyboard.cpp">
      <Filter>Source\Keyboard</Filter>
    </ClCompile>
    <ClCompile Include="Source\Animation\DsAnimClip.cpp">
      <Filter>Source\Animation</Filter>
    </ClCompile>
    <ClCompile Include="Source\Animation\DsAnimation.cpp">
      <Filter>Source\Animation</Filter>
    </ClCompile>
    <ClCompile Include="Source\Animation\Blend\DsAnimBlend.cpp">
      <Filter>Source\Animation\Blend</Filter>
    </ClCompile>
    <ClCompile Include="Source\Res\DsResource.cpp">
      <Filter>Source\Res</Filter>
    </ClCompile>
    <ClCompile Include="Source\System\DsWindow.cpp">
      <Filter>Source\System</Filter>
    </ClCompile>
    <ClCompile Include="Source\System\DsWindowManager.cpp">
      <Filter>Source\System</Filter>
    </ClCompile>
    <ClCompile Include="Source\System\DsWindowGL.cpp">
      <Filter>Source\System</Filter>
    </ClCompile>
    <ClCompile Include="Source\Res\DsMapRes.cpp">
      <Filter>Source\Res</Filter>
    </ClCompile>
    <ClCompile Include="Source\Math\DsAabb.cpp">
      <Filter>Source\Math</Filter>
    </ClCompile>
    <ClCompile Include="Source\Res\DsHitRes.cpp">
      <Filter>Source\Res</Filter>
    </ClCompile>
    <ClCompile Include="Source\Res\DsAnimRes.cpp">
      <Filter>Source\Res</Filter>
    </ClCompile>
    <ClCompile Include="Source\System\DsPerf.cpp">
      <Filter>Source\System</Filter>
    </ClCompile>
    <ClCompile Include="Source\Graphics\Render\DsRenderCamCaptureImage.cpp">
      <Filter>Source\Graphics\Render</Filter>
    </ClCompile>
    <ClCompile Include="Source\Graphics\Shader\ShaderSource\DsShadowMapShader.cpp">
      <Filter>Source\Graphics\Shader\ShaderSource</Filter>
    </ClCompile>
    <ClCompile Include="Source\Animation\DsAnimSkeleton.cpp">
      <Filter>Source\Animation</Filter>
    </ClCompile>
    <ClCompile Include="Source\Animation\DsAnimSkeletonModifier.cpp">
      <Filter>Source\Animation</Filter>
    </ClCompile>
    <ClCompile Include="Source\Animation\DsKeyframeAnim.cpp">
      <Filter>Source\Animation</Filter>
    </ClCompile>
    <ClCompile Include="Source\Animation\DsKeyframeInterpolate.cpp">
      <Filter>Source\Animation</Filter>
    </ClCompile>
    <ClCompile Include="Source\Animation\DsKeyframeAnimSet.cpp">
      <Filter>Source\Animation</Filter>
    </ClCompile>
    <ClCompile Include="Source\DsUtil.cpp">
      <Filter>Source</Filter>
    </ClCompile>
    <ClCompile Include="Source\System\DsPath.cpp">
      <Filter>Source\System</Filter>
    </ClCompile>
    <ClCompile Include="Source\System\DsFile.cpp">
      <Filter>Source\System</Filter>
    </ClCompile>
    <ClCompile Include="Source\Graphics\GL\DsGLFunc.cpp">
      <Filter>Source\Graphics\GL</Filter>
    </ClCompile>
    <ClCompile Include="Source\ActionState\DsASNode.cpp">
      <Filter>Source\ActionState</Filter>
    </ClCompile>
    <ClCompile Include="Source\ActionState\DsActionStateCtrl.cpp">
      <Filter>Source\ActionState</Filter>
    </ClCompile>
    <ClCompile Include="Source\Graphics\Effect\Particle\DsTraceParticleEmitter.cpp">
      <Filter>Source\Graphics\Effect\Particle</Filter>
    </ClCompile>
    <ClCompile Include="Source\Graphics\Render\DsParticleRender.cpp">
      <Filter>Source\Graphics\Render</Filter>
    </ClCompile>
    <ClCompile Include="Source\Graphics\Render\DsModelRender.cpp">
      <Filter>Source\Graphics\Render</Filter>
    </ClCompile>
    <ClCompile Include="Source\Model\DsModel.cpp">
      <Filter>Source\Model</Filter>
    </ClCompile>
    <ClCompile Include="Source\Graphics\Effect\Particle\DsBloodParticleEmitter.cpp">
      <Filter>Source\Graphics\Effect\Particle</Filter>
    </ClCompile>
    <ClCompile Include="Source\Graphics\Render\DsSceneBloom.cpp">
      <Filter>Source\Graphics\Render</Filter>
    </ClCompile>
    <ClCompile Include="Source\Graphics\Shader\ShaderSource\DsBloomShader.cpp">
      <Filter>Source\Graphics\Shader\ShaderSource</Filter>
    </ClCompile>
    <ClCompile Include="Source\Graphics\Render\DsPostEffectBuffer.cpp">
      <Filter>Source\Graphics\Render</Filter>
    </ClCompile>
    <ClCompile Include="Source\Graphics\Shader\ShaderSource\DsBlurShader.cpp">
      <Filter>Source\Graphics\Shader\ShaderSource</Filter>
    </ClCompile>
  </ItemGroup>
  <ItemGroup>
    <ClInclude Include="Source\DsPch.h">
      <Filter>Source</Filter>
    </ClInclude>
    <ClInclude Include="Source\targetver.h">
      <Filter>Source</Filter>
    </ClInclude>
    <ClInclude Include="Source\Math\DsInverseMatIteration.h">
      <Filter>Source\Math</Filter>
    </ClInclude>
    <ClInclude Include="Source\Math\DsInverseMatrix.h">
      <Filter>Source\Math</Filter>
    </ClInclude>
    <ClInclude Include="Source\Math\DsMathUtil.h">
      <Filter>Source\Math</Filter>
    </ClInclude>
    <ClInclude Include="Source\Graphics\Shader\DsShader.h">
      <Filter>Source\Graphics\Shader</Filter>
    </ClInclude>
    <ClInclude Include="Source\Config\DsConf.h">
      <Filter>Source\Config</Filter>
    </ClInclude>
    <ClInclude Include="Source\Error\DsError.h">
      <Filter>Source\Error</Filter>
    </ClInclude>
    <ClInclude Include="Source\Graphics\Render\DsShadowMap.h">
      <Filter>Source\Graphics\Render</Filter>
    </ClInclude>
    <ClInclude Include="Source\Graphics\Camera\DsCamera.h">
      <Filter>Source\Graphics\Camera</Filter>
    </ClInclude>
    <ClInclude Include="Source\Graphics\Render\DsRender.h">
      <Filter>Source\Graphics\Render</Filter>
    </ClInclude>
    <ClInclude Include="Source\Graphics\Light\DsLight.h">
      <Filter>Source\Graphics\Light</Filter>
    </ClInclude>
    <ClInclude Include="Source\Graphics\Command\DsDrawCommand.h">
      <Filter>Source\Graphics\Command</Filter>
    </ClInclude>
    <ClInclude Include="Source\System\DsMainLoop.h">
      <Filter>Source\System</Filter>
    </ClInclude>
    <ClInclude Include="Source\System\DsSys.h">
      <Filter>Source\System</Filter>
    </ClInclude>
    <ClInclude Include="Source\Graphics\Shader\ShaderSource\DsDefaultShader.h">
      <Filter>Source\Graphics\Shader\ShaderSource</Filter>
    </ClInclude>
    <ClInclude Include="Source\Math\DsMatrix33.h">
      <Filter>Source\Math</Filter>
    </ClInclude>
    <ClInclude Include="Source\Graphics\Light\DsLightMan.h">
      <Filter>Source\Graphics\Light</Filter>
    </ClInclude>
    <ClInclude Include="Source\System\DsDbgSys.h">
      <Filter>Source\System</Filter>
    </ClInclude>
    <ClInclude Include="Source\Graphics\Light\DsSunLight.h">
      <Filter>Source\Graphics\Light</Filter>
    </ClInclude>
    <ClInclude Include="Source\Graphics\Render\Tool\Cloud\DsToolCloud.h">
      <Filter>Source\Graphics\Render\Tool\Cloud</Filter>
    </ClInclude>
    <ClInclude Include="Source\Graphics\Render\Tool\DsRenderTool.h">
      <Filter>Source\Graphics\Render\Tool</Filter>
    </ClInclude>
    <ClInclude Include="Source\Graphics\Render\Tool\Cloud\DsCloudIns.h">
      <Filter>Source\Graphics\Render\Tool\Cloud</Filter>
    </ClInclude>
    <ClInclude Include="Source\Graphics\Render\Tool\Cloud\DsCloudEmitter.h">
      <Filter>Source\Graphics\Render\Tool\Cloud</Filter>
    </ClInclude>
    <ClInclude Include="Source\DsLib.h">
      <Filter>Source</Filter>
    </ClInclude>
    <ClInclude Include="Source\Math\DsVector2.h">
      <Filter>Source\Math</Filter>
    </ClInclude>
    <ClInclude Include="Source\Math\DsVector3.h">
      <Filter>Source\Math</Filter>
    </ClInclude>
    <ClInclude Include="Source\Mouse\DsMouse.h">
      <Filter>Source\Mouse</Filter>
    </ClInclude>
    <ClInclude Include="Source\Math\DsQuaternion.h">
      <Filter>Source\Math</Filter>
    </ClInclude>
    <ClInclude Include="Source\Math\DsMatrix44.h">
      <Filter>Source\Math</Filter>
    </ClInclude>
    <ClInclude Include="Source\Math\DsVector4.h">
      <Filter>Source\Math</Filter>
    </ClInclude>
    <ClInclude Include="Source\Math\DsMath.h">
      <Filter>Source\Math</Filter>
    </ClInclude>
    <ClInclude Include="Source\Graphics\Image\DsImage.h">
      <Filter>Source\Graphics\Image</Filter>
    </ClInclude>
    <ClInclude Include="Source\Graphics\Render\DsTexture.h">
      <Filter>Source\Graphics\Render</Filter>
    </ClInclude>
    <ClInclude Include="Source\Keyboard\DsKeyboard.h">
      <Filter>Source\Keyboard</Filter>
    </ClInclude>
    <ClInclude Include="Source\Animation\DsAnimClip.h">
      <Filter>Source\Animation</Filter>
    </ClInclude>
    <ClInclude Include="Source\Animation\DsAnimation.h">
      <Filter>Source\Animation</Filter>
    </ClInclude>
    <ClInclude Include="Source\Animation\Blend\DsAnimBlend.h">
      <Filter>Source\Animation\Blend</Filter>
    </ClInclude>
    <ClInclude Include="Source\Res\DsResource.h">
      <Filter>Source\Res</Filter>
    </ClInclude>
    <ClInclude Include="Source\System\DsWindow.h">
      <Filter>Source\System</Filter>
    </ClInclude>
    <ClInclude Include="Source\System\DsWindowManager.h">
      <Filter>Source\System</Filter>
    </ClInclude>
    <ClInclude Include="Source\System\DsWindowGL.h">
      <Filter>Source\System</Filter>
    </ClInclude>
    <ClInclude Include="Source\Animation\SkinMesh\DsSkinMesh.h">
      <Filter>Source\Animation\SkinMesh</Filter>
    </ClInclude>
    <ClInclude Include="Source\Res\DsMapRes.h">
      <Filter>Source\Res</Filter>
    </ClInclude>
    <ClInclude Include="Source\Math\DsAabb.h">
      <Filter>Source\Math</Filter>
    </ClInclude>
    <ClInclude Include="Source\Res\DsHitRes.h">
      <Filter>Source\Res</Filter>
    </ClInclude>
    <ClInclude Include="Source\Res\DsAnimRes.h">
      <Filter>Source\Res</Filter>
    </ClInclude>
    <ClInclude Include="Source\Math\DsMatrix22.h">
      <Filter>Source\Math</Filter>
    </ClInclude>
    <ClInclude Include="Source\System\DsPerf.h">
      <Filter>Source\System</Filter>
    </ClInclude>
    <ClInclude Include="Source\System\DsSysDefine.h">
      <Filter>Source\System</Filter>
    </ClInclude>
    <ClInclude Include="Source\Math\DsVector3d.h">
      <Filter>Source\Math</Filter>
    </ClInclude>
    <ClInclude Include="Source\Math\DsVector4d.h">
      <Filter>Source\Math</Filter>
    </ClInclude>
    <ClInclude Include="Source\Math\DsMatrix44d.h">
      <Filter>Source\Math</Filter>
    </ClInclude>
    <ClInclude Include="Source\Math\DsMatrix44f.h">
      <Filter>Source\Math</Filter>
    </ClInclude>
    <ClInclude Include="Source\Math\DsVector4f.h">
      <Filter>Source\Math</Filter>
    </ClInclude>
    <ClInclude Include="Source\Math\DsVector3f.h">
      <Filter>Source\Math</Filter>
    </ClInclude>
    <ClInclude Include="Source\Math\DsMatrix33d.h">
      <Filter>Source\Math</Filter>
    </ClInclude>
    <ClInclude Include="Source\Math\DsMatrix33f.h">
      <Filter>Source\Math</Filter>
    </ClInclude>
    <ClInclude Include="Source\Graphics\Render\DsRenderCamCaptureImage.h">
      <Filter>Source\Graphics\Render</Filter>
    </ClInclude>
    <ClInclude Include="Source\Graphics\Shader\ShaderSource\DsShadowMapShader.h">
      <Filter>Source\Graphics\Shader\ShaderSource</Filter>
    </ClInclude>
    <ClInclude Include="Source\Animation\DsAnimSkeleton.h">
      <Filter>Source\Animation</Filter>
    </ClInclude>
    <ClInclude Include="Source\Animation\DsAnimCustomProperty.h">
      <Filter>Source\Animation</Filter>
    </ClInclude>
    <ClInclude Include="Source\Animation\DsAnimSkeletonModifier.h">
      <Filter>Source\Animation</Filter>
    </ClInclude>
    <ClInclude Include="Source\Animation\DsKeyframeAnim.h">
      <Filter>Source\Animation</Filter>
    </ClInclude>
    <ClInclude Include="Source\Animation\DsKeyframeInterpolate.h">
      <Filter>Source\Animation</Filter>
    </ClInclude>
    <ClInclude Include="Source\Animation\DsKeyframeAnimSet.h">
      <Filter>Source\Animation</Filter>
    </ClInclude>
    <ClInclude Include="Source\DsUtil.h">
      <Filter>Source</Filter>
    </ClInclude>
    <ClInclude Include="Source\System\DsPath.h">
      <Filter>Source\System</Filter>
    </ClInclude>
    <ClInclude Include="Source\DsDefine.h">
      <Filter>Source</Filter>
    </ClInclude>
    <ClInclude Include="Source\System\DsFile.h">
      <Filter>Source\System</Filter>
    </ClInclude>
    <ClInclude Include="Source\Graphics\GL\DsGLFunc.h">
      <Filter>Source\Graphics\GL</Filter>
    </ClInclude>
    <ClInclude Include="Source\ActionState\DsASNode.h">
      <Filter>Source\ActionState</Filter>
    </ClInclude>
    <ClInclude Include="Source\ActionState\DsActionStateCtrl.h">
      <Filter>Source\ActionState</Filter>
    </ClInclude>
    <ClInclude Include="Source\Graphics\Effect\Particle\DsTraceParticleEmitter.h">
      <Filter>Source\Graphics\Effect\Particle</Filter>
    </ClInclude>
    <ClInclude Include="Source\Graphics\Effect\Particle\DsParticle.h">
      <Filter>Source\Graphics\Effect\Particle</Filter>
    </ClInclude>
    <ClInclude Include="Source\Graphics\Render\DsParticleRender.h">
      <Filter>Source\Graphics\Render</Filter>
    </ClInclude>
    <ClInclude Include="Source\Graphics\Effect\DsEffect.h">
      <Filter>Source\Graphics\Effect</Filter>
    </ClInclude>
    <ClInclude Include="Source\Res\DsResItem.h">
      <Filter>Source\Res</Filter>
    </ClInclude>
    <ClInclude Include="Source\Graphics\Render\DsModelRender.h">
      <Filter>Source\Graphics\Render</Filter>
    </ClInclude>
    <ClInclude Include="Source\Model\DsModel.h">
      <Filter>Source\Model</Filter>
    </ClInclude>
    <ClInclude Include="Source\Graphics\Effect\Particle\DsBloodParticleEmitter.h">
      <Filter>Source\Graphics\Effect\Particle</Filter>
    </ClInclude>
    <ClInclude Include="Source\Graphics\Effect\Particle\DsParticleEmitter.h">
      <Filter>Source\Graphics\Effect\Particle</Filter>
    </ClInclude>
    <ClInclude Include="Source\Graphics\Render\DsSceneBloom.h">
      <Filter>Source\Graphics\Render</Filter>
    </ClInclude>
    <ClInclude Include="Source\Graphics\Shader\ShaderSource\DsBloomShader.h">
      <Filter>Source\Graphics\Shader\ShaderSource</Filter>
    </ClInclude>
    <ClInclude Include="Source\Graphics\Render\DsPostEffectBuffer.h">
      <Filter>Source\Graphics\Render</Filter>
    </ClInclude>
    <ClInclude Include="Source\Graphics\Shader\ShaderSource\DsBlurShader.h">
      <Filter>Source\Graphics\Shader\ShaderSource</Filter>
    </ClInclude>
  </ItemGroup>
</Project>