<?xml version="1.0" encoding="utf-8"?>
<Project ToolsVersion="4.0" xmlns="http://schemas.microsoft.com/developer/msbuild/2003">
  <ItemGroup>
    <Text Include="ReadMe.txt" />
  </ItemGroup>
  <ItemGroup>
    <Filter Include="Source">
      <UniqueIdentifier>{ad97202e-9a9d-431d-8e79-504efb5149c1}</UniqueIdentifier>
    </Filter>
    <Filter Include="Source\World">
      <UniqueIdentifier>{5d675e3b-402e-411f-8347-c8104e99ba14}</UniqueIdentifier>
    </Filter>
    <Filter Include="Source\Evolve">
      <UniqueIdentifier>{b03c4796-c855-4319-ac65-98db49f4d60b}</UniqueIdentifier>
    </Filter>
    <Filter Include="Source\Evolve\Gene">
      <UniqueIdentifier>{e50592ea-78dd-4cc4-bf5a-44858b057d67}</UniqueIdentifier>
    </Filter>
    <Filter Include="Source\NeuralNetwork">
      <UniqueIdentifier>{c15caf6c-357a-4da6-8bd9-8b595cb1d3a2}</UniqueIdentifier>
    </Filter>
    <Filter Include="Source\World\Physics">
      <UniqueIdentifier>{fca3da02-3bb2-4a34-a85b-ab94cf9248f2}</UniqueIdentifier>
    </Filter>
    <Filter Include="Source\Res">
      <UniqueIdentifier>{8ecb8d6f-c405-49ed-ac6c-acebe2279f37}</UniqueIdentifier>
    </Filter>
    <Filter Include="Source\Res\Param">
      <UniqueIdentifier>{f3b39564-5566-44ef-9fc7-e15b63d573f7}</UniqueIdentifier>
    </Filter>
    <Filter Include="Source\World\Field">
      <UniqueIdentifier>{e3a2205a-f979-4fab-a003-f9e15efcfdaa}</UniqueIdentifier>
    </Filter>
    <Filter Include="Source\World\Field\Creator">
      <UniqueIdentifier>{97cb237c-b61c-4373-8d5a-44e1d81eb2a4}</UniqueIdentifier>
    </Filter>
    <Filter Include="Source\World\Field\Controller">
      <UniqueIdentifier>{e57b3ea2-9d3c-472c-b08e-8fd31eb26d75}</UniqueIdentifier>
    </Filter>
    <Filter Include="Source\World\Field\Action">
      <UniqueIdentifier>{649328aa-dafb-4410-bec1-03de74441f97}</UniqueIdentifier>
    </Filter>
    <Filter Include="Source\World\Animation">
      <UniqueIdentifier>{99f2f1fe-8a12-40d3-a2b3-7458c40baec4}</UniqueIdentifier>
    </Filter>
    <Filter Include="Source\World\Animation\Event">
      <UniqueIdentifier>{8a4e95da-abf3-46e5-8e08-12dfeb3cc7dd}</UniqueIdentifier>
    </Filter>
    <Filter Include="Source\World\Field\Component">
      <UniqueIdentifier>{39a8dea6-ec74-4b07-9a60-ac877e4e85c2}</UniqueIdentifier>
    </Filter>
    <Filter Include="Source\World\Field\Component\Effect">
      <UniqueIdentifier>{26990b48-20fc-4323-b3f8-56aaf28ad18e}</UniqueIdentifier>
    </Filter>
    <Filter Include="Source\World\Field\Component\Equip">
      <UniqueIdentifier>{0e5fb1e8-a110-45ad-a16d-c096c9cfa82d}</UniqueIdentifier>
    </Filter>
    <Filter Include="Source\World\Field\Component\Item">
      <UniqueIdentifier>{c1d58579-2a2d-4eff-8446-ff5523007fa3}</UniqueIdentifier>
    </Filter>
    <Filter Include="Source\World\Field\Component\Attach">
      <UniqueIdentifier>{50384dce-f5f3-405b-9816-8880b58b36df}</UniqueIdentifier>
    </Filter>
  </ItemGroup>
  <ItemGroup>
    <ClInclude Include="Source\DsAppPch.h">
      <Filter>Source</Filter>
    </ClInclude>
    <ClInclude Include="Source\DsApp.h">
      <Filter>Source</Filter>
    </ClInclude>
    <ClInclude Include="Source\Evolve\Gene\DsGene.h">
      <Filter>Source\Evolve\Gene</Filter>
    </ClInclude>
    <ClInclude Include="Source\Evolve\Gene\DsDecisionTreeNode.h">
      <Filter>Source\Evolve\Gene</Filter>
    </ClInclude>
    <ClInclude Include="Source\Evolve\Gene\DsDecisionTreeOperator.h">
      <Filter>Source\Evolve\Gene</Filter>
    </ClInclude>
    <ClInclude Include="Source\Evolve\DsGP.h">
      <Filter>Source\Evolve</Filter>
    </ClInclude>
    <ClInclude Include="Source\Evolve\DsEvoDefine.h">
      <Filter>Source\Evolve</Filter>
    </ClInclude>
    <ClInclude Include="Source\NeuralNetwork\DsNeuron.h">
      <Filter>Source\NeuralNetwork</Filter>
    </ClInclude>
    <ClInclude Include="Source\NeuralNetwork\DsNeuronCtrl.h">
      <Filter>Source\NeuralNetwork</Filter>
    </ClInclude>
    <ClInclude Include="Source\World\Physics\DsAppCollisionCallback.h">
      <Filter>Source\World\Physics</Filter>
    </ClInclude>
    <ClInclude Include="Source\World\Physics\DsAnimRagdollModifier.h">
      <Filter>Source\World\Physics</Filter>
    </ClInclude>
    <ClInclude Include="Source\Res\Param\DsRagdollParam.h">
      <Filter>Source\Res\Param</Filter>
    </ClInclude>
    <ClInclude Include="Source\World\Physics\DsAppCollisionFilter.h">
      <Filter>Source\World\Physics</Filter>
    </ClInclude>
    <ClInclude Include="Source\World\Field\Creator\DsFieldObjectCreator.h">
      <Filter>Source\World\Field\Creator</Filter>
    </ClInclude>
    <ClInclude Include="Source\World\Field\Controller\DsChrController.h">
      <Filter>Source\World\Field\Controller</Filter>
    </ClInclude>
    <ClInclude Include="Source\World\Field\Controller\DsGpController.h">
      <Filter>Source\World\Field\Controller</Filter>
    </ClInclude>
    <ClInclude Include="Source\World\Field\DsFieldHit.h">
      <Filter>Source\World\Field</Filter>
    </ClInclude>
    <ClInclude Include="Source\World\Field\DsFieldInitInfo.h">
      <Filter>Source\World\Field</Filter>
    </ClInclude>
    <ClInclude Include="Source\World\Field\DsFieldObj.h">
      <Filter>Source\World\Field</Filter>
    </ClInclude>
    <ClInclude Include="Source\World\Field\DsFieldPlayer.h">
      <Filter>Source\World\Field</Filter>
    </ClInclude>
    <ClInclude Include="Source\World\Field\DsFieldChr.h">
      <Filter>Source\World\Field</Filter>
    </ClInclude>
    <ClInclude Include="Source\World\Field\Action\DsChrState.h">
      <Filter>Source\World\Field\Action</Filter>
    </ClInclude>
    <ClInclude Include="Source\World\Field\Action\DsActionRequest.h">
      <Filter>Source\World\Field\Action</Filter>
    </ClInclude>
    <ClInclude Include="Source\World\Field\Action\DsActionCtrl.h">
      <Filter>Source\World\Field\Action</Filter>
    </ClInclude>
    <ClInclude Include="Source\World\Field\Action\DsActionRequestManual.h">
      <Filter>Source\World\Field\Action</Filter>
    </ClInclude>
    <ClInclude Include="Source\Res\DsAnimEventTrackRes.h">
      <Filter>Source\Res</Filter>
    </ClInclude>
    <ClInclude Include="Source\Res\DsAnimEventTrackFormat.h">
      <Filter>Source\Res</Filter>
    </ClInclude>
    <ClInclude Include="Source\World\Animation\Event\DsAnimEventCallback.h">
      <Filter>Source\World\Animation\Event</Filter>
    </ClInclude>
    <ClInclude Include="Source\World\Component\DsComponentSystem.h">
      <Filter>Source\World\Field\Component</Filter>
    </ClInclude>
    <ClInclude Include="Source\World\Component\DsComponent.h">
      <Filter>Source\World\Field\Component</Filter>
    </ClInclude>
    <ClInclude Include="Source\World\Component\DsComponentSystemDefine.h">
      <Filter>Source\World\Field\Component</Filter>
    </ClInclude>
    <ClInclude Include="Source\World\Component\Effect\DsTraceEffectComponent.h">
      <Filter>Source\World\Field\Component\Effect</Filter>
    </ClInclude>
    <ClInclude Include="Source\World\Component\Equip\DsEquipComponent.h">
      <Filter>Source\World\Field\Component\Equip</Filter>
    </ClInclude>
    <ClInclude Include="Source\World\Component\Item\DsItemBoxComponent.h">
      <Filter>Source\World\Field\Component\Item</Filter>
    </ClInclude>
    <ClInclude Include="Source\World\Component\Effect\DsSoundEffectComponent.h">
      <Filter>Source\World\Field\Component\Effect</Filter>
    </ClInclude>
    <ClInclude Include="Source\World\Component\Attach\DsAttachComponent.h">
      <Filter>Source\World\Field\Component\Attach</Filter>
    </ClInclude>
    <ClInclude Include="Source\World\Component\Attach\DsAttachEntity.h">
      <Filter>Source\World\Field\Component\Attach</Filter>
    </ClInclude>
    <ClInclude Include="Source\Res\Param\DsItemParam.h">
      <Filter>Source\Res\Param</Filter>
    </ClInclude>
    <ClInclude Include="Source\Res\Param\DsWepParam.h">
      <Filter>Source\Res\Param</Filter>
    </ClInclude>
    <ClInclude Include="Source\World\Field\DsFieldObstacle.h">
      <Filter>Source\World\Field</Filter>
    </ClInclude>
    <ClInclude Include="Source\World\Physics\DsPhysicsCreator.h">
      <Filter>Source\World\Physics</Filter>
    </ClInclude>
    <ClInclude Include="Source\World\Animation\Event\DsAnimEventFlags.h">
      <Filter>Source\World\Animation\Event</Filter>
    </ClInclude>
  </ItemGroup>
  <ItemGroup>
    <ClCompile Include="Source\DsAppPch.cpp">
      <Filter>Source</Filter>
    </ClCompile>
    <ClCompile Include="Source\Evolve\Gene\DsGene.cpp">
      <Filter>Source\Evolve\Gene</Filter>
    </ClCompile>
    <ClCompile Include="Source\Evolve\Gene\DsDecisionTreeNode.cpp">
      <Filter>Source\Evolve\Gene</Filter>
    </ClCompile>
    <ClCompile Include="Source\Evolve\Gene\DsDecisionTreeOperator.cpp">
      <Filter>Source\Evolve\Gene</Filter>
    </ClCompile>
    <ClCompile Include="Source\Evolve\DsGP.cpp">
      <Filter>Source\Evolve</Filter>
    </ClCompile>
    <ClCompile Include="Source\NeuralNetwork\DsNeuronCtrl.cpp">
      <Filter>Source\NeuralNetwork</Filter>
    </ClCompile>
    <ClCompile Include="Source\World\Physics\DsAnimRagdollModifier.cpp">
      <Filter>Source\World\Physics</Filter>
    </ClCompile>
    <ClCompile Include="Source\World\Physics\DsAppCollisionCallback.cpp">
      <Filter>Source\World\Physics</Filter>
    </ClCompile>
    <ClCompile Include="Source\Res\Param\DsRagdollParam.cpp">
      <Filter>Source\Res\Param</Filter>
    </ClCompile>
    <ClCompile Include="Source\World\Field\Creator\DsFieldObjectCreator.cpp">
      <Filter>Source\World\Field\Creator</Filter>
    </ClCompile>
    <ClCompile Include="Source\World\Field\Controller\DsGpController.cpp">
      <Filter>Source\World\Field\Controller</Filter>
    </ClCompile>
    <ClCompile Include="Source\World\Field\Controller\DsChrController.cpp">
      <Filter>Source\World\Field\Controller</Filter>
    </ClCompile>
    <ClCompile Include="Source\World\Field\DsFieldHit.cpp">
      <Filter>Source\World\Field</Filter>
    </ClCompile>
    <ClCompile Include="Source\World\Field\DsFieldObj.cpp">
      <Filter>Source\World\Field</Filter>
    </ClCompile>
    <ClCompile Include="Source\World\Field\DsFieldPlayer.cpp">
      <Filter>Source\World\Field</Filter>
    </ClCompile>
    <ClCompile Include="Source\World\Field\DsFieldChr.cpp">
      <Filter>Source\World\Field</Filter>
    </ClCompile>
    <ClCompile Include="Source\World\Field\Action\DsChrState.cpp">
      <Filter>Source\World\Field\Action</Filter>
    </ClCompile>
    <ClCompile Include="Source\World\Field\Action\DsActionCtrl.cpp">
      <Filter>Source\World\Field\Action</Filter>
    </ClCompile>
    <ClCompile Include="Source\World\Field\Action\DsActionRequestManual.cpp">
      <Filter>Source\World\Field\Action</Filter>
    </ClCompile>
    <ClCompile Include="Source\Res\DsAnimEventTrackRes.cpp">
      <Filter>Source\Res</Filter>
    </ClCompile>
    <ClCompile Include="Source\World\Animation\Event\DsAnimEventCallback.cpp">
      <Filter>Source\World\Animation\Event</Filter>
    </ClCompile>
    <ClCompile Include="Source\World\Component\DsComponentSystem.cpp">
      <Filter>Source\World\Field\Component</Filter>
    </ClCompile>
    <ClCompile Include="Source\World\Component\Effect\DsTraceEffectComponent.cpp">
      <Filter>Source\World\Field\Component\Effect</Filter>
    </ClCompile>
    <ClCompile Include="Source\World\Component\Equip\DsEquipComponent.cpp">
      <Filter>Source\World\Field\Component\Equip</Filter>
    </ClCompile>
    <ClCompile Include="Source\World\Component\Item\DsItemBoxComponent.cpp">
      <Filter>Source\World\Field\Component\Item</Filter>
    </ClCompile>
    <ClCompile Include="Source\World\Component\Effect\DsSoundEffectComponent.cpp">
      <Filter>Source\World\Field\Component\Effect</Filter>
    </ClCompile>
    <ClCompile Include="Source\World\Component\Attach\DsAttachComponent.cpp">
      <Filter>Source\World\Field\Component\Attach</Filter>
    </ClCompile>
    <ClCompile Include="Source\Res\Param\DsItemParam.cpp">
      <Filter>Source\Res\Param</Filter>
    </ClCompile>
    <ClCompile Include="Source\Res\Param\DsWepParam.cpp">
      <Filter>Source\Res\Param</Filter>
    </ClCompile>
    <ClCompile Include="Source\World\Field\DsFieldObstacle.cpp">
      <Filter>Source\World\Field</Filter>
    </ClCompile>
    <ClCompile Include="Source\World\Physics\DsPhysicsCreator.cpp">
      <Filter>Source\World\Physics</Filter>
    </ClCompile>
  </ItemGroup>
</Project>